
Microsoft Visual Studio Solution File, Format Version 12.00
# Visual Studio Version 17
VisualStudioVersion = 17.5.33318.248
MinimumVisualStudioVersion = 10.0.40219.1
Project("{9A19103F-16F7-4668-BE54-9A1E7A4F7556}") = "AudiobookRecorder", "AudiobookRecorder\AudiobookRecorder.csproj", "{DDD898FC-300A-4052-903F-0097563100E5}"
EndProject
Project("{9A19103F-16F7-4668-BE54-9A1E7A4F7556}") = "TestLib", "TestLib\TestLib.csproj", "{0FC46DB4-9CB3-4C27-95AA-E951090149B5}"
EndProject
Global
	GlobalSection(SolutionConfigurationPlatforms) = preSolution
		Debug|Any CPU = Debug|Any CPU
		Release|Any CPU = Release|Any CPU
	EndGlobalSection
	GlobalSection(ProjectConfigurationPlatforms) = postSolution
		{DDD898FC-300A-4052-903F-0097563100E5}.Debug|Any CPU.ActiveCfg = Debug|Any CPU
		{DDD898FC-300A-4052-903F-0097563100E5}.Debug|Any CPU.Build.0 = Debug|Any CPU
		{DDD898FC-300A-4052-903F-0097563100E5}.Release|Any CPU.ActiveCfg = Release|Any CPU
		{DDD898FC-300A-4052-903F-0097563100E5}.Release|Any CPU.Build.0 = Release|Any CPU
		{0FC46DB4-9CB3-4C27-95AA-E951090149B5}.Debug|Any CPU.ActiveCfg = Debug|Any CPU
		{0FC46DB4-9CB3-4C27-95AA-E951090149B5}.Debug|Any CPU.Build.0 = Debug|Any CPU
		{0FC46DB4-9CB3-4C27-95AA-E951090149B5}.Release|Any CPU.ActiveCfg = Release|Any CPU
		{0FC46DB4-9CB3-4C27-95AA-E951090149B5}.Release|Any CPU.Build.0 = Release|Any CPU
	EndGlobalSection
	GlobalSection(SolutionProperties) = preSolution
		HideSolutionNode = FALSE
	EndGlobalSection
	GlobalSection(ExtensibilityGlobals) = postSolution
		SolutionGuid = {1A77690E-96DA-442D-B936-B0CE0B2315C1}
	EndGlobalSection
EndGlobal
